{
  "version": 4,
  "terraform_version": "1.10.5",
  "serial": 10,
  "lineage": "055978ae-c288-d75e-b449-10c1b871d185",
  "outputs": {},
  "resources": [
    {
      "mode": "managed",
      "type": "azurerm_linux_web_app",
      "name": "web-api",
      "provider": "provider[\"registry.terraform.io/hashicorp/azurerm\"]",
      "instances": [
        {
          "schema_version": 1,
          "attributes": {
            "app_settings": null,
            "auth_settings": [],
            "auth_settings_v2": [],
            "backup": [],
            "client_affinity_enabled": false,
            "client_certificate_enabled": false,
            "client_certificate_exclusion_paths": "",
            "client_certificate_mode": "Required",
            "connection_string": [],
            "custom_domain_verification_id": "4A7276402FA47C196C77DFF112686464FDDE202D72B45865C964934DDAA44BC2",
            "default_hostname": "gh-actions-dekany-web-api.azurewebsites.net",
            "enabled": true,
            "ftp_publish_basic_authentication_enabled": true,
            "hosting_environment_id": "",
            "https_only": false,
            "id": "/subscriptions/241627f1-4cbe-46c3-9d50-3bc162c5f9bb/resourceGroups/gh-actions/providers/Microsoft.Web/sites/gh-actions-dekany-web-api",
            "identity": [],
            "key_vault_reference_identity_id": "SystemAssigned",
            "kind": "app,linux,container",
            "location": "westeurope",
            "logs": [],
            "name": "gh-actions-dekany-web-api",
            "outbound_ip_address_list": [
              "20.238.219.192",
              "20.238.220.45",
              "20.238.220.46",
              "20.238.220.89",
              "20.238.220.107",
              "20.238.220.129",
              "20.31.147.21",
              "20.31.147.191",
              "20.31.147.214",
              "20.31.149.159",
              "20.31.150.135",
              "20.238.217.29",
              "20.105.216.36"
            ],
            "outbound_ip_addresses": "20.238.219.192,20.238.220.45,20.238.220.46,20.238.220.89,20.238.220.107,20.238.220.129,20.31.147.21,20.31.147.191,20.31.147.214,20.31.149.159,20.31.150.135,20.238.217.29,20.105.216.36",
            "possible_outbound_ip_address_list": [
              "20.238.219.192",
              "20.238.220.45",
              "20.238.220.46",
              "20.238.220.89",
              "20.238.220.107",
              "20.238.220.129",
              "20.31.147.21",
              "20.31.147.191",
              "20.31.147.214",
              "20.31.149.159",
              "20.31.150.135",
              "20.238.217.29",
              "20.31.146.187",
              "20.238.218.73",
              "20.238.218.116",
              "20.238.218.177",
              "20.238.219.3",
              "20.238.219.11",
              "20.31.145.61",
              "20.238.219.28",
              "20.238.219.42",
              "20.238.219.88",
              "20.238.219.111",
              "20.238.219.155",
              "20.238.221.17",
              "20.238.221.52",
              "20.238.221.103",
              "20.103.128.18",
              "20.238.221.158",
              "20.238.221.206",
              "20.105.216.36"
            ],
            "possible_outbound_ip_addresses": "20.238.219.192,20.238.220.45,20.238.220.46,20.238.220.89,20.238.220.107,20.238.220.129,20.31.147.21,20.31.147.191,20.31.147.214,20.31.149.159,20.31.150.135,20.238.217.29,20.31.146.187,20.238.218.73,20.238.218.116,20.238.218.177,20.238.219.3,20.238.219.11,20.31.145.61,20.238.219.28,20.238.219.42,20.238.219.88,20.238.219.111,20.238.219.155,20.238.221.17,20.238.221.52,20.238.221.103,20.103.128.18,20.238.221.158,20.238.221.206,20.105.216.36",
            "public_network_access_enabled": true,
            "resource_group_name": "gh-actions",
            "service_plan_id": "/subscriptions/241627f1-4cbe-46c3-9d50-3bc162c5f9bb/resourceGroups/gh-actions/providers/Microsoft.Web/serverFarms/web-api",
            "site_config": [
              {
                "always_on": false,
                "api_definition_url": "",
                "api_management_api_id": "",
                "app_command_line": "",
                "application_stack": [
                  {
                    "docker_image": "",
                    "docker_image_name": "dekany/actions-web-test:latest",
                    "docker_image_tag": "",
                    "docker_registry_password": "",
                    "docker_registry_url": "https://index.docker.io",
                    "docker_registry_username": "",
                    "dotnet_version": "",
                    "go_version": "",
                    "java_server": "",
                    "java_server_version": "",
                    "java_version": "",
                    "node_version": "",
                    "php_version": "",
                    "python_version": "",
                    "ruby_version": ""
                  }
                ],
                "auto_heal_enabled": false,
                "auto_heal_setting": [],
                "container_registry_managed_identity_client_id": "",
                "container_registry_use_managed_identity": false,
                "cors": [],
                "default_documents": [
                  "Default.htm",
                  "Default.html",
                  "Default.asp",
                  "index.htm",
                  "index.html",
                  "iisstart.htm",
                  "default.aspx",
                  "index.php",
                  "hostingstart.html"
                ],
                "detailed_error_logging_enabled": false,
                "ftps_state": "Disabled",
                "health_check_eviction_time_in_min": 0,
                "health_check_path": "",
                "http2_enabled": false,
                "ip_restriction": [],
                "ip_restriction_default_action": "Allow",
                "linux_fx_version": "DOCKER|index.docker.io/dekany/actions-web-test:latest",
                "load_balancing_mode": "LeastRequests",
                "local_mysql_enabled": false,
                "managed_pipeline_mode": "Integrated",
                "minimum_tls_version": "1.2",
                "remote_debugging_enabled": false,
                "remote_debugging_version": "VS2022",
                "scm_ip_restriction": [],
                "scm_ip_restriction_default_action": "Allow",
                "scm_minimum_tls_version": "1.2",
                "scm_type": "None",
                "scm_use_main_ip_restriction": false,
                "use_32_bit_worker": true,
                "vnet_route_all_enabled": false,
                "websockets_enabled": false,
                "worker_count": 1
              }
            ],
            "site_credential": [
              {
                "name": "$gh-actions-dekany-web-api",
                "password": "tsngeeLkCdn0jytx06xgtnwmNWrr2427GFm8xJsfP4cdXwPJBZnMyFRSpuA9"
              }
            ],
            "sticky_settings": [],
            "storage_account": [],
            "tags": null,
            "timeouts": null,
            "virtual_network_subnet_id": "",
            "webdeploy_publish_basic_authentication_enabled": true,
            "zip_deploy_file": ""
          },
          "sensitive_attributes": [
            [
              {
                "type": "get_attr",
                "value": "site_config"
              },
              {
                "type": "index",
                "value": {
                  "value": 0,
                  "type": "number"
                }
              },
              {
                "type": "get_attr",
                "value": "application_stack"
              },
              {
                "type": "index",
                "value": {
                  "value": 0,
                  "type": "number"
                }
              },
              {
                "type": "get_attr",
                "value": "docker_registry_password"
              }
            ],
            [
              {
                "type": "get_attr",
                "value": "site_credential"
              }
            ],
            [
              {
                "type": "get_attr",
                "value": "custom_domain_verification_id"
              }
            ]
          ],
          "private": "eyJlMmJmYjczMC1lY2FhLTExZTYtOGY4OC0zNDM2M2JjN2M0YzAiOnsiY3JlYXRlIjoxODAwMDAwMDAwMDAwLCJkZWxldGUiOjE4MDAwMDAwMDAwMDAsInJlYWQiOjMwMDAwMDAwMDAwMCwidXBkYXRlIjoxODAwMDAwMDAwMDAwfSwic2NoZW1hX3ZlcnNpb24iOiIxIn0=",
          "dependencies": [
            "azurerm_resource_group.gh-actions",
            "azurerm_service_plan.web-api"
          ]
        }
      ]
    },
    {
      "mode": "managed",
      "type": "azurerm_resource_group",
      "name": "gh-actions",
      "provider": "provider[\"registry.terraform.io/hashicorp/azurerm\"]",
      "instances": [
        {
          "schema_version": 0,
          "attributes": {
            "id": "/subscriptions/241627f1-4cbe-46c3-9d50-3bc162c5f9bb/resourceGroups/gh-actions",
            "location": "westeurope",
            "managed_by": "",
            "name": "gh-actions",
            "tags": {},
            "timeouts": null
          },
          "sensitive_attributes": [],
          "private": "eyJlMmJmYjczMC1lY2FhLTExZTYtOGY4OC0zNDM2M2JjN2M0YzAiOnsiY3JlYXRlIjo1NDAwMDAwMDAwMDAwLCJkZWxldGUiOjU0MDAwMDAwMDAwMDAsInJlYWQiOjMwMDAwMDAwMDAwMCwidXBkYXRlIjo1NDAwMDAwMDAwMDAwfX0="
        }
      ]
    },
    {
      "mode": "managed",
      "type": "azurerm_service_plan",
      "name": "web-api",
      "provider": "provider[\"registry.terraform.io/hashicorp/azurerm\"]",
      "instances": [
        {
          "schema_version": 1,
          "attributes": {
            "app_service_environment_id": "",
            "id": "/subscriptions/241627f1-4cbe-46c3-9d50-3bc162c5f9bb/resourceGroups/gh-actions/providers/Microsoft.Web/serverFarms/web-api",
            "kind": "linux",
            "location": "westeurope",
            "maximum_elastic_worker_count": 1,
            "name": "web-api",
            "os_type": "Linux",
            "per_site_scaling_enabled": false,
            "reserved": true,
            "resource_group_name": "gh-actions",
            "sku_name": "F1",
            "tags": {},
            "timeouts": null,
            "worker_count": 1,
            "zone_balancing_enabled": false
          },
          "sensitive_attributes": [],
          "private": "eyJlMmJmYjczMC1lY2FhLTExZTYtOGY4OC0zNDM2M2JjN2M0YzAiOnsiY3JlYXRlIjozNjAwMDAwMDAwMDAwLCJkZWxldGUiOjM2MDAwMDAwMDAwMDAsInJlYWQiOjMwMDAwMDAwMDAwMCwidXBkYXRlIjozNjAwMDAwMDAwMDAwfSwic2NoZW1hX3ZlcnNpb24iOiIxIn0=",
          "dependencies": [
            "azurerm_resource_group.gh-actions"
          ]
        }
      ]
    }
  ],
  "check_results": null
}
